
Microsoft Visual Studio Solution File, Format Version 12.00
# Visual Studio Version 17
VisualStudioVersion = 17.12.35514.174 d17.12
MinimumVisualStudioVersion = 10.0.40219.1
Project("{FAE04EC0-301F-11D3-BF4B-00C04F79EFBC}") = "CompiledQueriesWithEnums", "CompiledQueriesWithEnums\CompiledQueriesWithEnums.csproj", "{D79BAFCE-A245-4BA1-89FB-76ACEB68443C}"
EndProject
Project("{FAE04EC0-301F-11D3-BF4B-00C04F79EFBC}") = "CompiledQueriesWithEnumMarten6", "CompiledQueriesWithEnumMarten6\CompiledQueriesWithEnumMarten6.csproj", "{2B69E52F-EE6B-4E7E-8804-25C3E0D82E80}"
EndProject
Global
	GlobalSection(SolutionConfigurationPlatforms) = preSolution
		Debug|Any CPU = Debug|Any CPU
		Release|Any CPU = Release|Any CPU
	EndGlobalSection
	GlobalSection(ProjectConfigurationPlatforms) = postSolution
		{D79BAFCE-A245-4BA1-89FB-76ACEB68443C}.Debug|Any CPU.ActiveCfg = Debug|Any CPU
		{D79BAFCE-A245-4BA1-89FB-76ACEB68443C}.Debug|Any CPU.Build.0 = Debug|Any CPU
		{D79BAFCE-A245-4BA1-89FB-76ACEB68443C}.Release|Any CPU.ActiveCfg = Release|Any CPU
		{D79BAFCE-A245-4BA1-89FB-76ACEB68443C}.Release|Any CPU.Build.0 = Release|Any CPU
		{2B69E52F-EE6B-4E7E-8804-25C3E0D82E80}.Debug|Any CPU.ActiveCfg = Debug|Any CPU
		{2B69E52F-EE6B-4E7E-8804-25C3E0D82E80}.Debug|Any CPU.Build.0 = Debug|Any CPU
		{2B69E52F-EE6B-4E7E-8804-25C3E0D82E80}.Release|Any CPU.ActiveCfg = Release|Any CPU
		{2B69E52F-EE6B-4E7E-8804-25C3E0D82E80}.Release|Any CPU.Build.0 = Release|Any CPU
	EndGlobalSection
	GlobalSection(SolutionProperties) = preSolution
		HideSolutionNode = FALSE
	EndGlobalSection
EndGlobal
